
Microsoft Visual Studio Solution File, Format Version 12.00
# Visual Studio 15
VisualStudioVersion = 15.0.28307.168
MinimumVisualStudioVersion = 10.0.40219.1
Project("{FAE04EC0-301F-11D3-BF4B-00C04F79EFBC}") = "Internet Analyzer", "Internet Analyzer\Internet Analyzer.csproj", "{33347BF2-5714-4898-B69A-B43B58CEECA2}"
EndProject
Global
	GlobalSection(SolutionConfigurationPlatforms) = preSolution
		Debug|Any CPU = Debug|Any CPU
		Release|Any CPU = Release|Any CPU
	EndGlobalSection
	GlobalSection(ProjectConfigurationPlatforms) = postSolution
		{33347BF2-5714-4898-B69A-B43B58CEECA2}.Debug|Any CPU.ActiveCfg = Debug|Any CPU
		{33347BF2-5714-4898-B69A-B43B58CEECA2}.Debug|Any CPU.Build.0 = Debug|Any CPU
		{33347BF2-5714-4898-B69A-B43B58CEECA2}.Release|Any CPU.ActiveCfg = Release|Any CPU
		{33347BF2-5714-4898-B69A-B43B58CEECA2}.Release|Any CPU.Build.0 = Release|Any CPU
	EndGlobalSection
	GlobalSection(SolutionProperties) = preSolution
		HideSolutionNode = FALSE
	EndGlobalSection
	GlobalSection(ExtensibilityGlobals) = postSolution
		SolutionGuid = {EF3D1437-AFDB-41F7-B362-061D9F2EFB6E}
	EndGlobalSection
EndGlobal
